
Microsoft Visual Studio Solution File, Format Version 12.00
# Visual Studio Version 17
VisualStudioVersion = 17.13.35913.81
MinimumVisualStudioVersion = 10.0.40219.1
Project("{FAE04EC0-301F-11D3-BF4B-00C04F79EFBC}") = "bridge", "bridge.csproj", "{5BC1BB22-C325-459D-95BC-D0F57C3CEE3F}"
EndProject
Project("{FAE04EC0-301F-11D3-BF4B-00C04F79EFBC}") = "TestBridge", "..\TestBridge\TestBridge.csproj", "{3870D4AB-F8BB-44F8-A6A8-36E4F5037CA0}"
EndProject
Project("{FAE04EC0-301F-11D3-BF4B-00C04F79EFBC}") = "StoreBaeltTicketLibrary", "..\StoreBaeltTicketLibrary\StoreBaeltTicketLibrary.csproj", "{1B0CA46B-69F2-423C-8F74-97A1D096010A}"
EndProject
Project("{FAE04EC0-301F-11D3-BF4B-00C04F79EFBC}") = "Oresundbron", "..\Oresundbron\Oresundbron.csproj", "{4656C0C5-F3BE-4ACD-8CE9-38FB1F904543}"
EndProject
Global
	GlobalSection(SolutionConfigurationPlatforms) = preSolution
		Debug|Any CPU = Debug|Any CPU
		Release|Any CPU = Release|Any CPU
	EndGlobalSection
	GlobalSection(ProjectConfigurationPlatforms) = postSolution
		{5BC1BB22-C325-459D-95BC-D0F57C3CEE3F}.Debug|Any CPU.ActiveCfg = Debug|Any CPU
		{5BC1BB22-C325-459D-95BC-D0F57C3CEE3F}.Debug|Any CPU.Build.0 = Debug|Any CPU
		{5BC1BB22-C325-459D-95BC-D0F57C3CEE3F}.Release|Any CPU.ActiveCfg = Release|Any CPU
		{5BC1BB22-C325-459D-95BC-D0F57C3CEE3F}.Release|Any CPU.Build.0 = Release|Any CPU
		{3870D4AB-F8BB-44F8-A6A8-36E4F5037CA0}.Debug|Any CPU.ActiveCfg = Debug|Any CPU
		{3870D4AB-F8BB-44F8-A6A8-36E4F5037CA0}.Debug|Any CPU.Build.0 = Debug|Any CPU
		{3870D4AB-F8BB-44F8-A6A8-36E4F5037CA0}.Release|Any CPU.ActiveCfg = Release|Any CPU
		{3870D4AB-F8BB-44F8-A6A8-36E4F5037CA0}.Release|Any CPU.Build.0 = Release|Any CPU
		{1B0CA46B-69F2-423C-8F74-97A1D096010A}.Debug|Any CPU.ActiveCfg = Debug|Any CPU
		{1B0CA46B-69F2-423C-8F74-97A1D096010A}.Debug|Any CPU.Build.0 = Debug|Any CPU
		{1B0CA46B-69F2-423C-8F74-97A1D096010A}.Release|Any CPU.ActiveCfg = Release|Any CPU
		{1B0CA46B-69F2-423C-8F74-97A1D096010A}.Release|Any CPU.Build.0 = Release|Any CPU
		{4656C0C5-F3BE-4ACD-8CE9-38FB1F904543}.Debug|Any CPU.ActiveCfg = Debug|Any CPU
		{4656C0C5-F3BE-4ACD-8CE9-38FB1F904543}.Debug|Any CPU.Build.0 = Debug|Any CPU
		{4656C0C5-F3BE-4ACD-8CE9-38FB1F904543}.Release|Any CPU.ActiveCfg = Release|Any CPU
		{4656C0C5-F3BE-4ACD-8CE9-38FB1F904543}.Release|Any CPU.Build.0 = Release|Any CPU
	EndGlobalSection
	GlobalSection(SolutionProperties) = preSolution
		HideSolutionNode = FALSE
	EndGlobalSection
	GlobalSection(ExtensibilityGlobals) = postSolution
		SolutionGuid = {1FDB15A3-A247-4BDE-95EF-D226F3221171}
	EndGlobalSection
EndGlobal
